# THIS IS AN AUTOGENERATED FILE. DO NOT EDIT THIS FILE DIRECTLY.
# yarn lockfile v1


"@matterlabs/zksync-contracts@^0.1.0":
  version "0.1.0"
  resolved "https://registry.yarnpkg.com/@matterlabs/zksync-contracts/-/zksync-contracts-0.1.0.tgz#1ddb7c9002003a5630bcff0464716a1e81423ea9"
  integrity sha512-BP36eWERxMQRMzBCxHhNu+ENk0S09BGcal+6jN6mc2wd/ejddP81+qXjcjAt8tUHtEEad7AKI8SO7vHqS5EwCg==
